
Microsoft Visual Studio Solution File, Format Version 12.00
# Visual Studio Version 16
VisualStudioVersion = 16.0.31205.134
MinimumVisualStudioVersion = 10.0.40219.1
Project("{9A19103F-16F7-4668-BE54-9A1E7A4F7556}") = "Ev_N00036571", "Ev_N00036571\Ev_N00036571.csproj", "{77CEE77D-F933-4DC3-B64A-40F00631974E}"
EndProject
Project("{FAE04EC0-301F-11D3-BF4B-00C04F79EFBC}") = "Test", "Test\Test.csproj", "{2AD70E11-F3FE-421C-ADAA-2AE51031712B}"
EndProject
Global
	GlobalSection(SolutionConfigurationPlatforms) = preSolution
		Debug|Any CPU = Debug|Any CPU
		Release|Any CPU = Release|Any CPU
	EndGlobalSection
	GlobalSection(ProjectConfigurationPlatforms) = postSolution
		{77CEE77D-F933-4DC3-B64A-40F00631974E}.Debug|Any CPU.ActiveCfg = Debug|Any CPU
		{77CEE77D-F933-4DC3-B64A-40F00631974E}.Debug|Any CPU.Build.0 = Debug|Any CPU
		{77CEE77D-F933-4DC3-B64A-40F00631974E}.Release|Any CPU.ActiveCfg = Release|Any CPU
		{77CEE77D-F933-4DC3-B64A-40F00631974E}.Release|Any CPU.Build.0 = Release|Any CPU
		{2AD70E11-F3FE-421C-ADAA-2AE51031712B}.Debug|Any CPU.ActiveCfg = Debug|Any CPU
		{2AD70E11-F3FE-421C-ADAA-2AE51031712B}.Debug|Any CPU.Build.0 = Debug|Any CPU
		{2AD70E11-F3FE-421C-ADAA-2AE51031712B}.Release|Any CPU.ActiveCfg = Release|Any CPU
		{2AD70E11-F3FE-421C-ADAA-2AE51031712B}.Release|Any CPU.Build.0 = Release|Any CPU
	EndGlobalSection
	GlobalSection(SolutionProperties) = preSolution
		HideSolutionNode = FALSE
	EndGlobalSection
	GlobalSection(ExtensibilityGlobals) = postSolution
		SolutionGuid = {C575CD43-B57D-4CDA-8F9C-5DCA30B55E88}
	EndGlobalSection
EndGlobal
